
Microsoft Visual Studio Solution File, Format Version 12.00
# Visual Studio 14
VisualStudioVersion = 14.0.25420.1
MinimumVisualStudioVersion = 10.0.40219.1
Project("{FAE04EC0-301F-11D3-BF4B-00C04F79EFBC}") = "Presentation.Converters", "Presentation.Converters\Presentation.Converters.csproj", "{A65F5F1A-4169-4176-85F6-9BFAAB0608F5}"
EndProject
Project("{FAE04EC0-301F-11D3-BF4B-00C04F79EFBC}") = "Presentation.Converters.Tests", "Presentation.Converters.Tests\Presentation.Converters.Tests.csproj", "{AB936A4D-A017-44D1-98E4-40A071C6BAB4}"
EndProject
Project("{FAE04EC0-301F-11D3-BF4B-00C04F79EFBC}") = "Presentation.Behaviors", "Presentation.Behaviors\Presentation.Behaviors.csproj", "{F9EB1F15-38B2-45AE-87D1-DF1B6233DEDF}"
EndProject
Project("{FAE04EC0-301F-11D3-BF4B-00C04F79EFBC}") = "Presentation.Reactive", "Presentation.Reactive\Presentation.Reactive.csproj", "{F65CA857-9910-49B3-8950-A88858D599EA}"
EndProject
Project("{2150E333-8FDC-42A3-9474-1A3956D46DE8}") = "Tests", "Tests", "{B5012C5E-E9A6-41EF-BBBB-D24520A23C54}"
EndProject
Project("{FAE04EC0-301F-11D3-BF4B-00C04F79EFBC}") = "Presentation.Commands", "Presentation.Commands\Presentation.Commands.csproj", "{2C9103F7-6542-4601-8C57-058D61267D10}"
EndProject
Project("{FAE04EC0-301F-11D3-BF4B-00C04F79EFBC}") = "Presentation.Core", "Presentation.Core\Presentation.Core.csproj", "{7E16CADF-8552-48CE-AFBA-80C49AB18CE2}"
EndProject
Project("{FAE04EC0-301F-11D3-BF4B-00C04F79EFBC}") = "Presentation.Collections", "Presentation.Collections\Presentation.Collections.csproj", "{07E15FEA-BDFE-4129-805D-72026A09DFD7}"
EndProject
Project("{FAE04EC0-301F-11D3-BF4B-00C04F79EFBC}") = "Presentation.Bootstrappers", "Presentation.Bootstrappers\Presentation.Bootstrappers.csproj", "{DC1D0DA1-41AB-4482-98F7-3E1BB679A142}"
EndProject
Global
	GlobalSection(SolutionConfigurationPlatforms) = preSolution
		Debug|Any CPU = Debug|Any CPU
		Release|Any CPU = Release|Any CPU
	EndGlobalSection
	GlobalSection(ProjectConfigurationPlatforms) = postSolution
		{A65F5F1A-4169-4176-85F6-9BFAAB0608F5}.Debug|Any CPU.ActiveCfg = Debug|Any CPU
		{A65F5F1A-4169-4176-85F6-9BFAAB0608F5}.Debug|Any CPU.Build.0 = Debug|Any CPU
		{A65F5F1A-4169-4176-85F6-9BFAAB0608F5}.Release|Any CPU.ActiveCfg = Release|Any CPU
		{A65F5F1A-4169-4176-85F6-9BFAAB0608F5}.Release|Any CPU.Build.0 = Release|Any CPU
		{AB936A4D-A017-44D1-98E4-40A071C6BAB4}.Debug|Any CPU.ActiveCfg = Debug|Any CPU
		{AB936A4D-A017-44D1-98E4-40A071C6BAB4}.Debug|Any CPU.Build.0 = Debug|Any CPU
		{AB936A4D-A017-44D1-98E4-40A071C6BAB4}.Release|Any CPU.ActiveCfg = Release|Any CPU
		{AB936A4D-A017-44D1-98E4-40A071C6BAB4}.Release|Any CPU.Build.0 = Release|Any CPU
		{F9EB1F15-38B2-45AE-87D1-DF1B6233DEDF}.Debug|Any CPU.ActiveCfg = Debug|Any CPU
		{F9EB1F15-38B2-45AE-87D1-DF1B6233DEDF}.Debug|Any CPU.Build.0 = Debug|Any CPU
		{F9EB1F15-38B2-45AE-87D1-DF1B6233DEDF}.Release|Any CPU.ActiveCfg = Release|Any CPU
		{F9EB1F15-38B2-45AE-87D1-DF1B6233DEDF}.Release|Any CPU.Build.0 = Release|Any CPU
		{F65CA857-9910-49B3-8950-A88858D599EA}.Debug|Any CPU.ActiveCfg = Debug|Any CPU
		{F65CA857-9910-49B3-8950-A88858D599EA}.Debug|Any CPU.Build.0 = Debug|Any CPU
		{F65CA857-9910-49B3-8950-A88858D599EA}.Release|Any CPU.ActiveCfg = Release|Any CPU
		{F65CA857-9910-49B3-8950-A88858D599EA}.Release|Any CPU.Build.0 = Release|Any CPU
		{2C9103F7-6542-4601-8C57-058D61267D10}.Debug|Any CPU.ActiveCfg = Debug|Any CPU
		{2C9103F7-6542-4601-8C57-058D61267D10}.Debug|Any CPU.Build.0 = Debug|Any CPU
		{2C9103F7-6542-4601-8C57-058D61267D10}.Release|Any CPU.ActiveCfg = Release|Any CPU
		{2C9103F7-6542-4601-8C57-058D61267D10}.Release|Any CPU.Build.0 = Release|Any CPU
		{7E16CADF-8552-48CE-AFBA-80C49AB18CE2}.Debug|Any CPU.ActiveCfg = Debug|Any CPU
		{7E16CADF-8552-48CE-AFBA-80C49AB18CE2}.Debug|Any CPU.Build.0 = Debug|Any CPU
		{7E16CADF-8552-48CE-AFBA-80C49AB18CE2}.Release|Any CPU.ActiveCfg = Release|Any CPU
		{7E16CADF-8552-48CE-AFBA-80C49AB18CE2}.Release|Any CPU.Build.0 = Release|Any CPU
		{07E15FEA-BDFE-4129-805D-72026A09DFD7}.Debug|Any CPU.ActiveCfg = Debug|Any CPU
		{07E15FEA-BDFE-4129-805D-72026A09DFD7}.Debug|Any CPU.Build.0 = Debug|Any CPU
		{07E15FEA-BDFE-4129-805D-72026A09DFD7}.Release|Any CPU.ActiveCfg = Release|Any CPU
		{07E15FEA-BDFE-4129-805D-72026A09DFD7}.Release|Any CPU.Build.0 = Release|Any CPU
		{DC1D0DA1-41AB-4482-98F7-3E1BB679A142}.Debug|Any CPU.ActiveCfg = Debug|Any CPU
		{DC1D0DA1-41AB-4482-98F7-3E1BB679A142}.Debug|Any CPU.Build.0 = Debug|Any CPU
		{DC1D0DA1-41AB-4482-98F7-3E1BB679A142}.Release|Any CPU.ActiveCfg = Release|Any CPU
		{DC1D0DA1-41AB-4482-98F7-3E1BB679A142}.Release|Any CPU.Build.0 = Release|Any CPU
	EndGlobalSection
	GlobalSection(SolutionProperties) = preSolution
		HideSolutionNode = FALSE
	EndGlobalSection
	GlobalSection(NestedProjects) = preSolution
		{AB936A4D-A017-44D1-98E4-40A071C6BAB4} = {B5012C5E-E9A6-41EF-BBBB-D24520A23C54}
	EndGlobalSection
EndGlobal
